// !$*UTF8*$!
{
	archiveVersion = 1;
	classes = {
	};
	objectVersion = 56;
	objects = {

/* Begin PBXBuildFile section */
		F88271C0299111B600F98116 /* Majors.swift in Sources */ = {isa = PBXBuildFile; fileRef = F88271BF299111B500F98116 /* Majors.swift */; };
		F8AD838B29E65636004D9469 /* ani.swift in Sources */ = {isa = PBXBuildFile; fileRef = F8AD838A29E65636004D9469 /* ani.swift */; };
		F8E1A35C2990068400A56C58 /* NorahApp.swift in Sources */ = {isa = PBXBuildFile; fileRef = F8E1A35B2990068400A56C58 /* NorahApp.swift */; };
		F8E1A3602990068500A56C58 /* Assets.xcassets in Resources */ = {isa = PBXBuildFile; fileRef = F8E1A35F2990068500A56C58 /* Assets.xcassets */; };
		F8E1A3632990068500A56C58 /* Preview Assets.xcassets in Resources */ = {isa = PBXBuildFile; fileRef = F8E1A3622990068500A56C58 /* Preview Assets.xcassets */; };
		F8E1A36D2990068600A56C58 /* NorahTests.swift in Sources */ = {isa = PBXBuildFile; fileRef = F8E1A36C2990068600A56C58 /* NorahTests.swift */; };
		F8E1A3772990068600A56C58 /* NorahUITests.swift in Sources */ = {isa = PBXBuildFile; fileRef = F8E1A3762990068600A56C58 /* NorahUITests.swift */; };
		F8E1A3792990068600A56C58 /* NorahUITestsLaunchTests.swift in Sources */ = {isa = PBXBuildFile; fileRef = F8E1A3782990068600A56C58 /* NorahUITestsLaunchTests.swift */; };
		F8E1A38A299007F200A56C58 /* MainView.swift in Sources */ = {isa = PBXBuildFile; fileRef = F8E1A389299007F200A56C58 /* MainView.swift */; };
		F8E1A38C2990083D00A56C58 /* content.swift in Sources */ = {isa = PBXBuildFile; fileRef = F8E1A38B2990083D00A56C58 /* content.swift */; };
		F8E1A38E2990087B00A56C58 /* intro.swift in Sources */ = {isa = PBXBuildFile; fileRef = F8E1A38D2990087B00A56C58 /* intro.swift */; };
		F8E1A392299008EA00A56C58 /* vid.swift in Sources */ = {isa = PBXBuildFile; fileRef = F8E1A391299008EA00A56C58 /* vid.swift */; };
/* End PBXBuildFile section */

/* Begin PBXContainerItemProxy section */
		F8E1A3692990068600A56C58 /* PBXContainerItemProxy */ = {
			isa = PBXContainerItemProxy;
			containerPortal = F8E1A3502990068300A56C58 /* Project object */;
			proxyType = 1;
			remoteGlobalIDString = F8E1A3572990068400A56C58;
			remoteInfo = Norah;
		};
		F8E1A3732990068600A56C58 /* PBXContainerItemProxy */ = {
			isa = PBXContainerItemProxy;
			containerPortal = F8E1A3502990068300A56C58 /* Project object */;
			proxyType = 1;
			remoteGlobalIDString = F8E1A3572990068400A56C58;
			remoteInfo = Norah;
		};
/* End PBXContainerItemProxy section */

/* Begin PBXFileReference section */
		F88271BF299111B500F98116 /* Majors.swift */ = {isa = PBXFileReference; lastKnownFileType = sourcecode.swift; path = Majors.swift; sourceTree = "<group>"; };
		F8AD838A29E65636004D9469 /* ani.swift */ = {isa = PBXFileReference; lastKnownFileType = sourcecode.swift; path = ani.swift; sourceTree = "<group>"; };
		F8E1A3582990068400A56C58 /* Norah.app */ = {isa = PBXFileReference; explicitFileType = wrapper.application; includeInIndex = 0; path = Norah.app; sourceTree = BUILT_PRODUCTS_DIR; };
		F8E1A35B2990068400A56C58 /* NorahApp.swift */ = {isa = PBXFileReference; lastKnownFileType = sourcecode.swift; path = NorahApp.swift; sourceTree = "<group>"; };
		F8E1A35F2990068500A56C58 /* Assets.xcassets */ = {isa = PBXFileReference; lastKnownFileType = folder.assetcatalog; path = Assets.xcassets; sourceTree = "<group>"; };
		F8E1A3622990068500A56C58 /* Preview Assets.xcassets */ = {isa = PBXFileReference; lastKnownFileType = folder.assetcatalog; path = "Preview Assets.xcassets"; sourceTree = "<group>"; };
		F8E1A3682990068600A56C58 /* NorahTests.xctest */ = {isa = PBXFileReference; explicitFileType = wrapper.cfbundle; includeInIndex = 0; path = NorahTests.xctest; sourceTree = BUILT_PRODUCTS_DIR; };
		F8E1A36C2990068600A56C58 /* NorahTests.swift */ = {isa = PBXFileReference; lastKnownFileType = sourcecode.swift; path = NorahTests.swift; sourceTree = "<group>"; };
		F8E1A3722990068600A56C58 /* NorahUITests.xctest */ = {isa = PBXFileReference; explicitFileType = wrapper.cfbundle; includeInIndex = 0; path = NorahUITests.xctest; sourceTree = BUILT_PRODUCTS_DIR; };
		F8E1A3762990068600A56C58 /* NorahUITests.swift */ = {isa = PBXFileReference; lastKnownFileType = sourcecode.swift; path = NorahUITests.swift; sourceTree = "<group>"; };
		F8E1A3782990068600A56C58 /* NorahUITestsLaunchTests.swift */ = {isa = PBXFileReference; lastKnownFileType = sourcecode.swift; path = NorahUITestsLaunchTests.swift; sourceTree = "<group>"; };
		F8E1A389299007F200A56C58 /* MainView.swift */ = {isa = PBXFileReference; lastKnownFileType = sourcecode.swift; path = MainView.swift; sourceTree = "<group>"; };
		F8E1A38B2990083D00A56C58 /* content.swift */ = {isa = PBXFileReference; lastKnownFileType = sourcecode.swift; path = content.swift; sourceTree = "<group>"; };
		F8E1A38D2990087B00A56C58 /* intro.swift */ = {isa = PBXFileReference; lastKnownFileType = sourcecode.swift; path = intro.swift; sourceTree = "<group>"; };
		F8E1A391299008EA00A56C58 /* vid.swift */ = {isa = PBXFileReference; lastKnownFileType = sourcecode.swift; path = vid.swift; sourceTree = "<group>"; };
/* End PBXFileReference section */

/* Begin PBXFrameworksBuildPhase section */
		F8E1A3552990068400A56C58 /* Frameworks */ = {
			isa = PBXFrameworksBuildPhase;
			buildActionMask = 2147483647;
			files = (
			);
			runOnlyForDeploymentPostprocessing = 0;
		};
		F8E1A3652990068600A56C58 /* Frameworks */ = {
			isa = PBXFrameworksBuildPhase;
			buildActionMask = 2147483647;
			files = (
			);
			runOnlyForDeploymentPostprocessing = 0;
		};
		F8E1A36F2990068600A56C58 /* Frameworks */ = {
			isa = PBXFrameworksBuildPhase;
			buildActionMask = 2147483647;
			files = (
			);
			runOnlyForDeploymentPostprocessing = 0;
		};
/* End PBXFrameworksBuildPhase section */

/* Begin PBXGroup section */
		F8E1A34F2990068300A56C58 = {
			isa = PBXGroup;
			children = (
				F8E1A35A2990068400A56C58 /* Norah */,
				F8E1A36B2990068600A56C58 /* NorahTests */,
				F8E1A3752990068600A56C58 /* NorahUITests */,
				F8E1A3592990068400A56C58 /* Products */,
			);
			sourceTree = "<group>";
		};
		F8E1A3592990068400A56C58 /* Products */ = {
			isa = PBXGroup;
			children = (
				F8E1A3582990068400A56C58 /* Norah.app */,
				F8E1A3682990068600A56C58 /* NorahTests.xctest */,
				F8E1A3722990068600A56C58 /* NorahUITests.xctest */,
			);
			name = Products;
			sourceTree = "<group>";
		};
		F8E1A35A2990068400A56C58 /* Norah */ = {
			isa = PBXGroup;
			children = (
				F8E1A35B2990068400A56C58 /* NorahApp.swift */,
				F8E1A389299007F200A56C58 /* MainView.swift */,
				F8AD838A29E65636004D9469 /* ani.swift */,
				F8E1A38B2990083D00A56C58 /* content.swift */,
				F88271BF299111B500F98116 /* Majors.swift */,
				F8E1A38D2990087B00A56C58 /* intro.swift */,
				F8E1A391299008EA00A56C58 /* vid.swift */,
				F8E1A35F2990068500A56C58 /* Assets.xcassets */,
				F8E1A3612990068500A56C58 /* Preview Content */,
			);
			path = Norah;
			sourceTree = "<group>";
		};
		F8E1A3612990068500A56C58 /* Preview Content */ = {
			isa = PBXGroup;
			children = (
				F8E1A3622990068500A56C58 /* Preview Assets.xcassets */,
			);
			path = "Preview Content";
			sourceTree = "<group>";
		};
		F8E1A36B2990068600A56C58 /* NorahTests */ = {
			isa = PBXGroup;
			children = (
				F8E1A36C2990068600A56C58 /* NorahTests.swift */,
			);
			path = NorahTests;
			sourceTree = "<group>";
		};
		F8E1A3752990068600A56C58 /* NorahUITests */ = {
			isa = PBXGroup;
			children = (
				F8E1A3762990068600A56C58 /* NorahUITests.swift */,
				F8E1A3782990068600A56C58 /* NorahUITestsLaunchTests.swift */,
			);
			path = NorahUITests;
			sourceTree = "<group>";
		};
/* End PBXGroup section */

/* Begin PBXNativeTarget section */
		F8E1A3572990068400A56C58 /* Norah */ = {
			isa = PBXNativeTarget;
			buildConfigurationList = F8E1A37C2990068600A56C58 /* Build configuration list for PBXNativeTarget "Norah" */;
			buildPhases = (
				F8E1A3542990068400A56C58 /* Sources */,
				F8E1A3552990068400A56C58 /* Frameworks */,
				F8E1A3562990068400A56C58 /* Resources */,
			);
			buildRules = (
			);
			dependencies = (
			);
			name = Norah;
			productName = Norah;
			productReference = F8E1A3582990068400A56C58 /* Norah.app */;
			productType = "com.apple.product-type.application";
		};
		F8E1A3672990068600A56C58 /* NorahTests */ = {
			isa = PBXNativeTarget;
			buildConfigurationList = F8E1A37F2990068600A56C58 /* Build configuration list for PBXNativeTarget "NorahTests" */;
			buildPhases = (
				F8E1A3642990068600A56C58 /* Sources */,
				F8E1A3652990068600A56C58 /* Frameworks */,
				F8E1A3662990068600A56C58 /* Resources */,
			);
			buildRules = (
			);
			dependencies = (
				F8E1A36A2990068600A56C58 /* PBXTargetDependency */,
			);
			name = NorahTests;
			productName = NorahTests;
			productReference = F8E1A3682990068600A56C58 /* NorahTests.xctest */;
			productType = "com.apple.product-type.bundle.unit-test";
		};
		F8E1A3712990068600A56C58 /* NorahUITests */ = {
			isa = PBXNativeTarget;
			buildConfigurationList = F8E1A3822990068600A56C58 /* Build configuration list for PBXNativeTarget "NorahUITests" */;
			buildPhases = (
				F8E1A36E2990068600A56C58 /* Sources */,
				F8E1A36F2990068600A56C58 /* Frameworks */,
				F8E1A3702990068600A56C58 /* Resources */,
			);
			buildRules = (
			);
			dependencies = (
				F8E1A3742990068600A56C58 /* PBXTargetDependency */,
			);
			name = NorahUITests;
			productName = NorahUITests;
			productReference = F8E1A3722990068600A56C58 /* NorahUITests.xctest */;
			productType = "com.apple.product-type.bundle.ui-testing";
		};
/* End PBXNativeTarget section */

/* Begin PBXProject section */
		F8E1A3502990068300A56C58 /* Project object */ = {
			isa = PBXProject;
			attributes = {
				BuildIndependentTargetsInParallel = 1;
				LastSwiftUpdateCheck = 1420;
				LastUpgradeCheck = 1420;
				TargetAttributes = {
					F8E1A3572990068400A56C58 = {
						CreatedOnToolsVersion = 14.2;
					};
					F8E1A3672990068600A56C58 = {
						CreatedOnToolsVersion = 14.2;
						TestTargetID = F8E1A3572990068400A56C58;
					};
					F8E1A3712990068600A56C58 = {
						CreatedOnToolsVersion = 14.2;
						TestTargetID = F8E1A3572990068400A56C58;
					};
				};
			};
			buildConfigurationList = F8E1A3532990068300A56C58 /* Build configuration list for PBXProject "Norah" */;
			compatibilityVersion = "Xcode 14.0";
			developmentRegion = en;
			hasScannedForEncodings = 0;
			knownRegions = (
				en,
				Base,
			);
			mainGroup = F8E1A34F2990068300A56C58;
			productRefGroup = F8E1A3592990068400A56C58 /* Products */;
			projectDirPath = "";
			projectRoot = "";
			targets = (
				F8E1A3572990068400A56C58 /* Norah */,
				F8E1A3672990068600A56C58 /* NorahTests */,
				F8E1A3712990068600A56C58 /* NorahUITests */,
			);
		};
/* End PBXProject section */

/* Begin PBXResourcesBuildPhase section */
		F8E1A3562990068400A56C58 /* Resources */ = {
			isa = PBXResourcesBuildPhase;
			buildActionMask = 2147483647;
			files = (
				F8E1A3632990068500A56C58 /* Preview Assets.xcassets in Resources */,
				F8E1A3602990068500A56C58 /* Assets.xcassets in Resources */,
			);
			runOnlyForDeploymentPostprocessing = 0;
		};
		F8E1A3662990068600A56C58 /* Resources */ = {
			isa = PBXResourcesBuildPhase;
			buildActionMask = 2147483647;
			files = (
			);
			runOnlyForDeploymentPostprocessing = 0;
		};
		F8E1A3702990068600A56C58 /* Resources */ = {
			isa = PBXResourcesBuildPhase;
			buildActionMask = 2147483647;
			files = (
			);
			runOnlyForDeploymentPostprocessing = 0;
		};
/* End PBXResourcesBuildPhase section */

/* Begin PBXSourcesBuildPhase section */
		F8E1A3542990068400A56C58 /* Sources */ = {
			isa = PBXSourcesBuildPhase;
			buildActionMask = 2147483647;
			files = (
				F8E1A392299008EA00A56C58 /* vid.swift in Sources */,
				F8AD838B29E65636004D9469 /* ani.swift in Sources */,
				F88271C0299111B600F98116 /* Majors.swift in Sources */,
				F8E1A38E2990087B00A56C58 /* intro.swift in Sources */,
				F8E1A38C2990083D00A56C58 /* content.swift in Sources */,
				F8E1A35C2990068400A56C58 /* NorahApp.swift in Sources */,
				F8E1A38A299007F200A56C58 /* MainView.swift in Sources */,
			);
			runOnlyForDeploymentPostprocessing = 0;
		};
		F8E1A3642990068600A56C58 /* Sources */ = {
			isa = PBXSourcesBuildPhase;
			buildActionMask = 2147483647;
			files = (
				F8E1A36D2990068600A56C58 /* NorahTests.swift in Sources */,
			);
			runOnlyForDeploymentPostprocessing = 0;
		};
		F8E1A36E2990068600A56C58 /* Sources */ = {
			isa = PBXSourcesBuildPhase;
			buildActionMask = 2147483647;
			files = (
				F8E1A3772990068600A56C58 /* NorahUITests.swift in Sources */,
				F8E1A3792990068600A56C58 /* NorahUITestsLaunchTests.swift in Sources */,
			);
			runOnlyForDeploymentPostprocessing = 0;
		};
/* End PBXSourcesBuildPhase section */

/* Begin PBXTargetDependency section */
		F8E1A36A2990068600A56C58 /* PBXTargetDependency */ = {
			isa = PBXTargetDependency;
			target = F8E1A3572990068400A56C58 /* Norah */;
			targetProxy = F8E1A3692990068600A56C58 /* PBXContainerItemProxy */;
		};
		F8E1A3742990068600A56C58 /* PBXTargetDependency */ = {
			isa = PBXTargetDependency;
			target = F8E1A3572990068400A56C58 /* Norah */;
			targetProxy = F8E1A3732990068600A56C58 /* PBXContainerItemProxy */;
		};
/* End PBXTargetDependency section */

/* Begin XCBuildConfiguration section */
		F8E1A37A2990068600A56C58 /* Debug */ = {
			isa = XCBuildConfiguration;
			buildSettings = {
				ALWAYS_SEARCH_USER_PATHS = NO;
				CLANG_ANALYZER_NONNULL = YES;
				CLANG_ANALYZER_NUMBER_OBJECT_CONVERSION = YES_AGGRESSIVE;
				CLANG_CXX_LANGUAGE_STANDARD = "gnu++20";
				CLANG_ENABLE_MODULES = YES;
				CLANG_ENABLE_OBJC_ARC = YES;
				CLANG_ENABLE_OBJC_WEAK = YES;
				CLANG_WARN_BLOCK_CAPTURE_AUTORELEASING = YES;
				CLANG_WARN_BOOL_CONVERSION = YES;
				CLANG_WARN_COMMA = YES;
				CLANG_WARN_CONSTANT_CONVERSION = YES;
				CLANG_WARN_DEPRECATED_OBJC_IMPLEMENTATIONS = YES;
				CLANG_WARN_DIRECT_OBJC_ISA_USAGE = YES_ERROR;
				CLANG_WARN_DOCUMENTATION_COMMENTS = YES;
				CLANG_WARN_EMPTY_BODY = YES;
				CLANG_WARN_ENUM_CONVERSION = YES;
				CLANG_WARN_INFINITE_RECURSION = YES;
				CLANG_WARN_INT_CONVERSION = YES;
				CLANG_WARN_NON_LITERAL_NULL_CONVERSION = YES;
				CLANG_WARN_OBJC_IMPLICIT_RETAIN_SELF = YES;
				CLANG_WARN_OBJC_LITERAL_CONVERSION = YES;
				CLANG_WARN_OBJC_ROOT_CLASS = YES_ERROR;
				CLANG_WARN_QUOTED_INCLUDE_IN_FRAMEWORK_HEADER = YES;
				CLANG_WARN_RANGE_LOOP_ANALYSIS = YES;
				CLANG_WARN_STRICT_PROTOTYPES = YES;
				CLANG_WARN_SUSPICIOUS_MOVE = YES;
				CLANG_WARN_UNGUARDED_AVAILABILITY = YES_AGGRESSIVE;
				CLANG_WARN_UNREACHABLE_CODE = YES;
				CLANG_WARN__DUPLICATE_METHOD_MATCH = YES;
				COPY_PHASE_STRIP = NO;
				DEBUG_INFORMATION_FORMAT = dwarf;
				ENABLE_STRICT_OBJC_MSGSEND = YES;
				ENABLE_TESTABILITY = YES;
				GCC_C_LANGUAGE_STANDARD = gnu11;
				GCC_DYNAMIC_NO_PIC = NO;
				GCC_NO_COMMON_BLOCKS = YES;
				GCC_OPTIMIZATION_LEVEL = 0;
				GCC_PREPROCESSOR_DEFINITIONS = (
					"DEBUG=1",
					"$(inherited)",
				);
				GCC_WARN_64_TO_32_BIT_CONVERSION = YES;
				GCC_WARN_ABOUT_RETURN_TYPE = YES_ERROR;
				GCC_WARN_UNDECLARED_SELECTOR = YES;
				GCC_WARN_UNINITIALIZED_AUTOS = YES_AGGRESSIVE;
				GCC_WARN_UNUSED_FUNCTION = YES;
				GCC_WARN_UNUSED_VARIABLE = YES;
				IPHONEOS_DEPLOYMENT_TARGET = 16.2;
				MTL_ENABLE_DEBUG_INFO = INCLUDE_SOURCE;
				MTL_FAST_MATH = YES;
				ONLY_ACTIVE_ARCH = YES;
				SDKROOT = iphoneos;
				SWIFT_ACTIVE_COMPILATION_CONDITIONS = DEBUG;
				SWIFT_OPTIMIZATION_LEVEL = "-Onone";
			};
			name = Debug;
		};
		F8E1A37B2990068600A56C58 /* Release */ = {
			isa = XCBuildConfiguration;
			buildSettings = {
				ALWAYS_SEARCH_USER_PATHS = NO;
				CLANG_ANALYZER_NONNULL = YES;
				CLANG_ANALYZER_NUMBER_OBJECT_CONVERSION = YES_AGGRESSIVE;
				CLANG_CXX_LANGUAGE_STANDARD = "gnu++20";
				CLANG_ENABLE_MODULES = YES;
				CLANG_ENABLE_OBJC_ARC = YES;
				CLANG_ENABLE_OBJC_WEAK = YES;
				CLANG_WARN_BLOCK_CAPTURE_AUTORELEASING = YES;
				CLANG_WARN_BOOL_CONVERSION = YES;
				CLANG_WARN_COMMA = YES;
				CLANG_WARN_CONSTANT_CONVERSION = YES;
				CLANG_WARN_DEPRECATED_OBJC_IMPLEMENTATIONS = YES;
				CLANG_WARN_DIRECT_OBJC_ISA_USAGE = YES_ERROR;
				CLANG_WARN_DOCUMENTATION_COMMENTS = YES;
				CLANG_WARN_EMPTY_BODY = YES;
				CLANG_WARN_ENUM_CONVERSION = YES;
				CLANG_WARN_INFINITE_RECURSION = YES;
				CLANG_WARN_INT_CONVERSION = YES;
				CLANG_WARN_NON_LITERAL_NULL_CONVERSION = YES;
				CLANG_WARN_OBJC_IMPLICIT_RETAIN_SELF = YES;
				CLANG_WARN_OBJC_LITERAL_CONVERSION = YES;
				CLANG_WARN_OBJC_ROOT_CLASS = YES_ERROR;
				CLANG_WARN_QUOTED_INCLUDE_IN_FRAMEWORK_HEADER = YES;
				CLANG_WARN_RANGE_LOOP_ANALYSIS = YES;
				CLANG_WARN_STRICT_PROTOTYPES = YES;
				CLANG_WARN_SUSPICIOUS_MOVE = YES;
				CLANG_WARN_UNGUARDED_AVAILABILITY = YES_AGGRESSIVE;
				CLANG_WARN_UNREACHABLE_CODE = YES;
				CLANG_WARN__DUPLICATE_METHOD_MATCH = YES;
				COPY_PHASE_STRIP = NO;
				DEBUG_INFORMATION_FORMAT = "dwarf-with-dsym";
				ENABLE_NS_ASSERTIONS = NO;
				ENABLE_STRICT_OBJC_MSGSEND = YES;
				GCC_C_LANGUAGE_STANDARD = gnu11;
				GCC_NO_COMMON_BLOCKS = YES;
				GCC_WARN_64_TO_32_BIT_CONVERSION = YES;
				GCC_WARN_ABOUT_RETURN_TYPE = YES_ERROR;
				GCC_WARN_UNDECLARED_SELECTOR = YES;
				GCC_WARN_UNINITIALIZED_AUTOS = YES_AGGRESSIVE;
				GCC_WARN_UNUSED_FUNCTION = YES;
				GCC_WARN_UNUSED_VARIABLE = YES;
				IPHONEOS_DEPLOYMENT_TARGET = 16.2;
				MTL_ENABLE_DEBUG_INFO = NO;
				MTL_FAST_MATH = YES;
				SDKROOT = iphoneos;
				SWIFT_COMPILATION_MODE = wholemodule;
				SWIFT_OPTIMIZATION_LEVEL = "-O";
				VALIDATE_PRODUCT = YES;
			};
			name = Release;
		};
		F8E1A37D2990068600A56C58 /* Debug */ = {
			isa = XCBuildConfiguration;
			buildSettings = {
				ASSETCATALOG_COMPILER_APPICON_NAME = AppIcon;
				ASSETCATALOG_COMPILER_GLOBAL_ACCENT_COLOR_NAME = AccentColor;
				CODE_SIGN_STYLE = Automatic;
				CURRENT_PROJECT_VERSION = 1;
				DEVELOPMENT_ASSET_PATHS = "\"Norah/Preview Content\"";
				ENABLE_PREVIEWS = YES;
				GENERATE_INFOPLIST_FILE = YES;
				INFOPLIST_KEY_UIApplicationSceneManifest_Generation = YES;
				INFOPLIST_KEY_UIApplicationSupportsIndirectInputEvents = YES;
				INFOPLIST_KEY_UILaunchScreen_Generation = YES;
				INFOPLIST_KEY_UISupportedInterfaceOrientations_iPad = "UIInterfaceOrientationPortrait UIInterfaceOrientationPortraitUpsideDown UIInterfaceOrientationLandscapeLeft UIInterfaceOrientationLandscapeRight";
				INFOPLIST_KEY_UISupportedInterfaceOrientations_iPhone = "UIInterfaceOrientationPortrait UIInterfaceOrientationLandscapeLeft UIInterfaceOrientationLandscapeRight";
				LD_RUNPATH_SEARCH_PATHS = (
					"$(inherited)",
					"@executable_path/Frameworks",
				);
				MARKETING_VERSION = 1.0;
				PRODUCT_BUNDLE_IDENTIFIER = First.Norah;
				PRODUCT_NAME = "$(TARGET_NAME)";
				SWIFT_EMIT_LOC_STRINGS = YES;
				SWIFT_VERSION = 5.0;
				TARGETED_DEVICE_FAMILY = "1,2";
			};
			name = Debug;
		};
		F8E1A37E2990068600A56C58 /* Release */ = {
			isa = XCBuildConfiguration;
			buildSettings = {
				ASSETCATALOG_COMPILER_APPICON_NAME = AppIcon;
				ASSETCATALOG_COMPILER_GLOBAL_ACCENT_COLOR_NAME = AccentColor;
				CODE_SIGN_STYLE = Automatic;
				CURRENT_PROJECT_VERSION = 1;
				DEVELOPMENT_ASSET_PATHS = "\"Norah/Preview Content\"";
				ENABLE_PREVIEWS = YES;
				GENERATE_INFOPLIST_FILE = YES;
				INFOPLIST_KEY_UIApplicationSceneManifest_Generation = YES;
				INFOPLIST_KEY_UIApplicationSupportsIndirectInputEvents = YES;
				INFOPLIST_KEY_UILaunchScreen_Generation = YES;
				INFOPLIST_KEY_UISupportedInterfaceOrientations_iPad = "UIInterfaceOrientationPortrait UIInterfaceOrientationPortraitUpsideDown UIInterfaceOrientationLandscapeLeft UIInterfaceOrientationLandscapeRight";
				INFOPLIST_KEY_UISupportedInterfaceOrientations_iPhone = "UIInterfaceOrientationPortrait UIInterfaceOrientationLandscapeLeft UIInterfaceOrientationLandscapeRight";
				LD_RUNPATH_SEARCH_PATHS = (
					"$(inherited)",
					"@executable_path/Frameworks",
				);
				MARKETING_VERSION = 1.0;
				PRODUCT_BUNDLE_IDENTIFIER = First.Norah;
				PRODUCT_NAME = "$(TARGET_NAME)";
				SWIFT_EMIT_LOC_STRINGS = YES;
				SWIFT_VERSION = 5.0;
				TARGETED_DEVICE_FAMILY = "1,2";
			};
			name = Release;
		};
		F8E1A3802990068600A56C58 /* Debug */ = {
			isa = XCBuildConfiguration;
			buildSettings = {
				ALWAYS_EMBED_SWIFT_STANDARD_LIBRARIES = YES;
				BUNDLE_LOADER = "$(TEST_HOST)";
				CODE_SIGN_STYLE = Automatic;
				CURRENT_PROJECT_VERSION = 1;
				GENERATE_INFOPLIST_FILE = YES;
				IPHONEOS_DEPLOYMENT_TARGET = 16.2;
				MARKETING_VERSION = 1.0;
				PRODUCT_BUNDLE_IDENTIFIER = First.NorahTests;
				PRODUCT_NAME = "$(TARGET_NAME)";
				SWIFT_EMIT_LOC_STRINGS = NO;
				SWIFT_VERSION = 5.0;
				TARGETED_DEVICE_FAMILY = "1,2";
				TEST_HOST = "$(BUILT_PRODUCTS_DIR)/Norah.app/$(BUNDLE_EXECUTABLE_FOLDER_PATH)/Norah";
			};
			name = Debug;
		};
		F8E1A3812990068600A56C58 /* Release */ = {
			isa = XCBuildConfiguration;
			buildSettings = {
				ALWAYS_EMBED_SWIFT_STANDARD_LIBRARIES = YES;
				BUNDLE_LOADER = "$(TEST_HOST)";
				CODE_SIGN_STYLE = Automatic;
				CURRENT_PROJECT_VERSION = 1;
				GENERATE_INFOPLIST_FILE = YES;
				IPHONEOS_DEPLOYMENT_TARGET = 16.2;
				MARKETING_VERSION = 1.0;
				PRODUCT_BUNDLE_IDENTIFIER = First.NorahTests;
				PRODUCT_NAME = "$(TARGET_NAME)";
				SWIFT_EMIT_LOC_STRINGS = NO;
				SWIFT_VERSION = 5.0;
				TARGETED_DEVICE_FAMILY = "1,2";
				TEST_HOST = "$(BUILT_PRODUCTS_DIR)/Norah.app/$(BUNDLE_EXECUTABLE_FOLDER_PATH)/Norah";
			};
			name = Release;
		};
		F8E1A3832990068600A56C58 /* Debug */ = {
			isa = XCBuildConfiguration;
			buildSettings = {
				ALWAYS_EMBED_SWIFT_STANDARD_LIBRARIES = YES;
				CODE_SIGN_STYLE = Automatic;
				CURRENT_PROJECT_VERSION = 1;
				GENERATE_INFOPLIST_FILE = YES;
				MARKETING_VERSION = 1.0;
				PRODUCT_BUNDLE_IDENTIFIER = First.NorahUITests;
				PRODUCT_NAME = "$(TARGET_NAME)";
				SWIFT_EMIT_LOC_STRINGS = NO;
				SWIFT_VERSION = 5.0;
				TARGETED_DEVICE_FAMILY = "1,2";
				TEST_TARGET_NAME = Norah;
			};
			name = Debug;
		};
		F8E1A3842990068600A56C58 /* Release */ = {
			isa = XCBuildConfiguration;
			buildSettings = {
				ALWAYS_EMBED_SWIFT_STANDARD_LIBRARIES = YES;
				CODE_SIGN_STYLE = Automatic;
				CURRENT_PROJECT_VERSION = 1;
				GENERATE_INFOPLIST_FILE = YES;
				MARKETING_VERSION = 1.0;
				PRODUCT_BUNDLE_IDENTIFIER = First.NorahUITests;
				PRODUCT_NAME = "$(TARGET_NAME)";
				SWIFT_EMIT_LOC_STRINGS = NO;
				SWIFT_VERSION = 5.0;
				TARGETED_DEVICE_FAMILY = "1,2";
				TEST_TARGET_NAME = Norah;
			};
			name = Release;
		};
/* End XCBuildConfiguration section */

/* Begin XCConfigurationList section */
		F8E1A3532990068300A56C58 /* Build configuration list for PBXProject "Norah" */ = {
			isa = XCConfigurationList;
			buildConfigurations = (
				F8E1A37A2990068600A56C58 /* Debug */,
				F8E1A37B2990068600A56C58 /* Release */,
			);
			defaultConfigurationIsVisible = 0;
			defaultConfigurationName = Release;
		};
		F8E1A37C2990068600A56C58 /* Build configuration list for PBXNativeTarget "Norah" */ = {
			isa = XCConfigurationList;
			buildConfigurations = (
				F8E1A37D2990068600A56C58 /* Debug */,
				F8E1A37E2990068600A56C58 /* Release */,
			);
			defaultConfigurationIsVisible = 0;
			defaultConfigurationName = Release;
		};
		F8E1A37F2990068600A56C58 /* Build configuration list for PBXNativeTarget "NorahTests" */ = {
			isa = XCConfigurationList;
			buildConfigurations = (
				F8E1A3802990068600A56C58 /* Debug */,
				F8E1A3812990068600A56C58 /* Release */,
			);
			defaultConfigurationIsVisible = 0;
			defaultConfigurationName = Release;
		};
		F8E1A3822990068600A56C58 /* Build configuration list for PBXNativeTarget "NorahUITests" */ = {
			isa = XCConfigurationList;
			buildConfigurations = (
				F8E1A3832990068600A56C58 /* Debug */,
				F8E1A3842990068600A56C58 /* Release */,
			);
			defaultConfigurationIsVisible = 0;
			defaultConfigurationName = Release;
		};
/* End XCConfigurationList section */
	};
	rootObject = F8E1A3502990068300A56C58 /* Project object */;
}
